
Microsoft Visual Studio Solution File, Format Version 12.00
# Visual Studio Version 16
VisualStudioVersion = 16.0.31729.503
MinimumVisualStudioVersion = 10.0.40219.1
Project("{FAE04EC0-301F-11D3-BF4B-00C04F79EFBC}") = "No Bypass Clicker", "No Bypass Clicker.csproj", "{8EB75BD5-B533-483A-B80F-89DC7B7915CD}"
EndProject
Global
	GlobalSection(SolutionConfigurationPlatforms) = preSolution
		Debug|Any CPU = Debug|Any CPU
		Release|Any CPU = Release|Any CPU
	EndGlobalSection
	GlobalSection(ProjectConfigurationPlatforms) = postSolution
		{8EB75BD5-B533-483A-B80F-89DC7B7915CD}.Debug|Any CPU.ActiveCfg = Debug|Any CPU
		{8EB75BD5-B533-483A-B80F-89DC7B7915CD}.Debug|Any CPU.Build.0 = Debug|Any CPU
		{8EB75BD5-B533-483A-B80F-89DC7B7915CD}.Release|Any CPU.ActiveCfg = Release|Any CPU
		{8EB75BD5-B533-483A-B80F-89DC7B7915CD}.Release|Any CPU.Build.0 = Release|Any CPU
	EndGlobalSection
	GlobalSection(SolutionProperties) = preSolution
		HideSolutionNode = FALSE
	EndGlobalSection
	GlobalSection(ExtensibilityGlobals) = postSolution
		SolutionGuid = {7CCC7B3C-19EC-4DA7-B2A9-13892F9F72E4}
	EndGlobalSection
EndGlobal
